
Microsoft Visual Studio Solution File, Format Version 12.00
# Visual Studio Version 17
VisualStudioVersion = 17.6.33815.320
MinimumVisualStudioVersion = 10.0.40219.1
Project("{8BC9CEB8-8B4A-11D0-8D11-00A0C91BC942}") = "learning_c_plus_plus", "learning_c_plus_plus\learning_c_plus_plus.vcxproj", "{FC7987A2-8D23-47BA-B48B-ED2BA8007336}"
EndProject
Project("{8BC9CEB8-8B4A-11D0-8D11-00A0C91BC942}") = "001_Game_Over", "001_Game_Over\001_Game_Over.vcxproj", "{FCD2B085-AC04-4C45-B4AA-7E9D975B8E2E}"
EndProject
Project("{8BC9CEB8-8B4A-11D0-8D11-00A0C91BC942}") = "002_Game_Over_2_0", "002_Game_Over_2_0\002_Game_Over_2_0.vcxproj", "{AC0CE967-5F61-44C0-9261-9A9650FED823}"
EndProject
Project("{8BC9CEB8-8B4A-11D0-8D11-00A0C91BC942}") = "003_gamе_оvеr_З_0", "003_gamе_оvеr_З_0\003_gamе_оvеr_З_0.vcxproj", "{D16149D4-5DBE-4B26-A4BC-187211F4942C}"
EndProject
Project("{8BC9CEB8-8B4A-11D0-8D11-00A0C91BC942}") = "004_Expensive_Calculator", "004_Expensive_Calculator\004_Expensive_Calculator.vcxproj", "{10002CB2-64E3-48D4-9296-2972A391D904}"
EndProject
Project("{8BC9CEB8-8B4A-11D0-8D11-00A0C91BC942}") = "005_game_stats", "005_game_stats\005_game_stats.vcxproj", "{CE3674D0-9D51-48F5-885C-E0D9438274D9}"
EndProject
Project("{8BC9CEB8-8B4A-11D0-8D11-00A0C91BC942}") = "006_game stats_2_0", "006_game stats_2_0\006_game stats_2_0.vcxproj", "{1BF38882-EB57-41C1-B003-50212D1F0120}"
EndProject
Project("{8BC9CEB8-8B4A-11D0-8D11-00A0C91BC942}") = "007_game_stats_3_0", "007_game_stats_3_0\007_game_stats_3_0.vcxproj", "{79557391-831C-4F44-921F-208EA4F32835}"
EndProject
Project("{8BC9CEB8-8B4A-11D0-8D11-00A0C91BC942}") = "008_lost_fortune", "008_lost_fortune\008_lost_fortune.vcxproj", "{B46F7AC7-0C1F-45AB-8225-6AC5A214F673}"
EndProject
Project("{8BC9CEB8-8B4A-11D0-8D11-00A0C91BC942}") = "009_DZ", "009_DZ\009_DZ.vcxproj", "{FA85EAE3-906E-4E83-812A-7C5BF57B3D84}"
EndProject
Project("{8BC9CEB8-8B4A-11D0-8D11-00A0C91BC942}") = "010_score_rater", "010_score_rater\010_score_rater.vcxproj", "{859224F9-0DFC-481A-BC52-93C5533AB495}"
EndProject
Project("{8BC9CEB8-8B4A-11D0-8D11-00A0C91BC942}") = "011_score_rater_2_0", "011_score_rater_2_0\011_score_rater_2_0.vcxproj", "{5255FFDC-A889-4AD4-8E29-0F885166242C}"
EndProject
Project("{8BC9CEB8-8B4A-11D0-8D11-00A0C91BC942}") = "012_score_rater_3_0", "012_score_rater_3_0\012_score_rater_3_0.vcxproj", "{A01362E4-5B68-43C2-9AEB-FB66CA0210B4}"
EndProject
Project("{8BC9CEB8-8B4A-11D0-8D11-00A0C91BC942}") = "013_menu_chooser", "013_menu_chooser\013_menu_chooser.vcxproj", "{77A7DB7C-9374-41BE-B225-C805B1A1C37A}"
EndProject
Project("{8BC9CEB8-8B4A-11D0-8D11-00A0C91BC942}") = "014_play_again", "014_play_again\014_play_again.vcxproj", "{9FAED1E3-F458-49B4-A363-32983F108FFD}"
EndProject
Project("{8BC9CEB8-8B4A-11D0-8D11-00A0C91BC942}") = "015_play_again_2", "015_play_again_2\015_play_again_2.vcxproj", "{D8218AD4-2D93-43CE-A4A6-56C293DC9251}"
EndProject
Project("{8BC9CEB8-8B4A-11D0-8D11-00A0C91BC942}") = "016_finicky_counter", "016_finicky_counter\016_finicky_counter.vcxproj", "{AFBDC26B-8531-4FAF-BEF3-DF48D24CEE60}"
EndProject
Project("{8BC9CEB8-8B4A-11D0-8D11-00A0C91BC942}") = "017_designers_network", "017_designers_network\017_designers_network.vcxproj", "{D1355CB4-0E16-405E-A80E-782D9015D7B9}"
EndProject
Project("{8BC9CEB8-8B4A-11D0-8D11-00A0C91BC942}") = "018_die_roller", "018_die_roller\018_die_roller.vcxproj", "{09376C84-0702-4521-9FF6-B3A298A43213}"
EndProject
Project("{8BC9CEB8-8B4A-11D0-8D11-00A0C91BC942}") = "019_guess_my_number", "019_guess_my_number\019_guess_my_number.vcxproj", "{46F6EC33-8978-40B8-BB67-0E77B382D1CA}"
EndProject
Project("{8BC9CEB8-8B4A-11D0-8D11-00A0C91BC942}") = "020_DZ", "020_DZ\020_DZ.vcxproj", "{8A221D58-C264-4FAD-B784-52550379EFC6}"
EndProject
Project("{8BC9CEB8-8B4A-11D0-8D11-00A0C91BC942}") = "021_counter", "021_counter\021_counter.vcxproj", "{A88054B3-18DA-448D-9A90-908024B08423}"
EndProject
Project("{8BC9CEB8-8B4A-11D0-8D11-00A0C91BC942}") = "022_string_tester", "022_string_tester\022_string_tester.vcxproj", "{D6903C05-C2BF-4F6C-9F32-85C5407EED58}"
EndProject
Project("{8BC9CEB8-8B4A-11D0-8D11-00A0C91BC942}") = "023_heros_inventory", "023_heros_inventory\023_heros_inventory.vcxproj", "{541B1E27-525E-41DA-BD43-6C976286EC77}"
EndProject
Project("{8BC9CEB8-8B4A-11D0-8D11-00A0C91BC942}") = "024_tic_tac_toe_board", "024_tic_tac_toe_board\024_tic_tac_toe_board.vcxproj", "{86A9D424-596C-403C-BBC7-DD4D0E72EC49}"
EndProject
Project("{8BC9CEB8-8B4A-11D0-8D11-00A0C91BC942}") = "025_word_jumble", "025_word_jumble\025_word_jumble.vcxproj", "{DD273A1C-1482-47F3-8669-84A7EF515983}"
EndProject
Global
	GlobalSection(SolutionConfigurationPlatforms) = preSolution
		Debug|x64 = Debug|x64
		Debug|x86 = Debug|x86
		Release|x64 = Release|x64
		Release|x86 = Release|x86
	EndGlobalSection
	GlobalSection(ProjectConfigurationPlatforms) = postSolution
		{FC7987A2-8D23-47BA-B48B-ED2BA8007336}.Debug|x64.ActiveCfg = Debug|x64
		{FC7987A2-8D23-47BA-B48B-ED2BA8007336}.Debug|x64.Build.0 = Debug|x64
		{FC7987A2-8D23-47BA-B48B-ED2BA8007336}.Debug|x86.ActiveCfg = Debug|Win32
		{FC7987A2-8D23-47BA-B48B-ED2BA8007336}.Debug|x86.Build.0 = Debug|Win32
		{FC7987A2-8D23-47BA-B48B-ED2BA8007336}.Release|x64.ActiveCfg = Release|x64
		{FC7987A2-8D23-47BA-B48B-ED2BA8007336}.Release|x64.Build.0 = Release|x64
		{FC7987A2-8D23-47BA-B48B-ED2BA8007336}.Release|x86.ActiveCfg = Release|Win32
		{FC7987A2-8D23-47BA-B48B-ED2BA8007336}.Release|x86.Build.0 = Release|Win32
		{FCD2B085-AC04-4C45-B4AA-7E9D975B8E2E}.Debug|x64.ActiveCfg = Debug|x64
		{FCD2B085-AC04-4C45-B4AA-7E9D975B8E2E}.Debug|x64.Build.0 = Debug|x64
		{FCD2B085-AC04-4C45-B4AA-7E9D975B8E2E}.Debug|x86.ActiveCfg = Debug|Win32
		{FCD2B085-AC04-4C45-B4AA-7E9D975B8E2E}.Debug|x86.Build.0 = Debug|Win32
		{FCD2B085-AC04-4C45-B4AA-7E9D975B8E2E}.Release|x64.ActiveCfg = Release|x64
		{FCD2B085-AC04-4C45-B4AA-7E9D975B8E2E}.Release|x64.Build.0 = Release|x64
		{FCD2B085-AC04-4C45-B4AA-7E9D975B8E2E}.Release|x86.ActiveCfg = Release|Win32
		{FCD2B085-AC04-4C45-B4AA-7E9D975B8E2E}.Release|x86.Build.0 = Release|Win32
		{AC0CE967-5F61-44C0-9261-9A9650FED823}.Debug|x64.ActiveCfg = Debug|x64
		{AC0CE967-5F61-44C0-9261-9A9650FED823}.Debug|x64.Build.0 = Debug|x64
		{AC0CE967-5F61-44C0-9261-9A9650FED823}.Debug|x86.ActiveCfg = Debug|Win32
		{AC0CE967-5F61-44C0-9261-9A9650FED823}.Debug|x86.Build.0 = Debug|Win32
		{AC0CE967-5F61-44C0-9261-9A9650FED823}.Release|x64.ActiveCfg = Release|x64
		{AC0CE967-5F61-44C0-9261-9A9650FED823}.Release|x64.Build.0 = Release|x64
		{AC0CE967-5F61-44C0-9261-9A9650FED823}.Release|x86.ActiveCfg = Release|Win32
		{AC0CE967-5F61-44C0-9261-9A9650FED823}.Release|x86.Build.0 = Release|Win32
		{D16149D4-5DBE-4B26-A4BC-187211F4942C}.Debug|x64.ActiveCfg = Debug|x64
		{D16149D4-5DBE-4B26-A4BC-187211F4942C}.Debug|x64.Build.0 = Debug|x64
		{D16149D4-5DBE-4B26-A4BC-187211F4942C}.Debug|x86.ActiveCfg = Debug|Win32
		{D16149D4-5DBE-4B26-A4BC-187211F4942C}.Debug|x86.Build.0 = Debug|Win32
		{D16149D4-5DBE-4B26-A4BC-187211F4942C}.Release|x64.ActiveCfg = Release|x64
		{D16149D4-5DBE-4B26-A4BC-187211F4942C}.Release|x64.Build.0 = Release|x64
		{D16149D4-5DBE-4B26-A4BC-187211F4942C}.Release|x86.ActiveCfg = Release|Win32
		{D16149D4-5DBE-4B26-A4BC-187211F4942C}.Release|x86.Build.0 = Release|Win32
		{10002CB2-64E3-48D4-9296-2972A391D904}.Debug|x64.ActiveCfg = Debug|x64
		{10002CB2-64E3-48D4-9296-2972A391D904}.Debug|x64.Build.0 = Debug|x64
		{10002CB2-64E3-48D4-9296-2972A391D904}.Debug|x86.ActiveCfg = Debug|Win32
		{10002CB2-64E3-48D4-9296-2972A391D904}.Debug|x86.Build.0 = Debug|Win32
		{10002CB2-64E3-48D4-9296-2972A391D904}.Release|x64.ActiveCfg = Release|x64
		{10002CB2-64E3-48D4-9296-2972A391D904}.Release|x64.Build.0 = Release|x64
		{10002CB2-64E3-48D4-9296-2972A391D904}.Release|x86.ActiveCfg = Release|Win32
		{10002CB2-64E3-48D4-9296-2972A391D904}.Release|x86.Build.0 = Release|Win32
		{CE3674D0-9D51-48F5-885C-E0D9438274D9}.Debug|x64.ActiveCfg = Debug|x64
		{CE3674D0-9D51-48F5-885C-E0D9438274D9}.Debug|x64.Build.0 = Debug|x64
		{CE3674D0-9D51-48F5-885C-E0D9438274D9}.Debug|x86.ActiveCfg = Debug|Win32
		{CE3674D0-9D51-48F5-885C-E0D9438274D9}.Debug|x86.Build.0 = Debug|Win32
		{CE3674D0-9D51-48F5-885C-E0D9438274D9}.Release|x64.ActiveCfg = Release|x64
		{CE3674D0-9D51-48F5-885C-E0D9438274D9}.Release|x64.Build.0 = Release|x64
		{CE3674D0-9D51-48F5-885C-E0D9438274D9}.Release|x86.ActiveCfg = Release|Win32
		{CE3674D0-9D51-48F5-885C-E0D9438274D9}.Release|x86.Build.0 = Release|Win32
		{1BF38882-EB57-41C1-B003-50212D1F0120}.Debug|x64.ActiveCfg = Debug|x64
		{1BF38882-EB57-41C1-B003-50212D1F0120}.Debug|x64.Build.0 = Debug|x64
		{1BF38882-EB57-41C1-B003-50212D1F0120}.Debug|x86.ActiveCfg = Debug|Win32
		{1BF38882-EB57-41C1-B003-50212D1F0120}.Debug|x86.Build.0 = Debug|Win32
		{1BF38882-EB57-41C1-B003-50212D1F0120}.Release|x64.ActiveCfg = Release|x64
		{1BF38882-EB57-41C1-B003-50212D1F0120}.Release|x64.Build.0 = Release|x64
		{1BF38882-EB57-41C1-B003-50212D1F0120}.Release|x86.ActiveCfg = Release|Win32
		{1BF38882-EB57-41C1-B003-50212D1F0120}.Release|x86.Build.0 = Release|Win32
		{79557391-831C-4F44-921F-208EA4F32835}.Debug|x64.ActiveCfg = Debug|x64
		{79557391-831C-4F44-921F-208EA4F32835}.Debug|x64.Build.0 = Debug|x64
		{79557391-831C-4F44-921F-208EA4F32835}.Debug|x86.ActiveCfg = Debug|Win32
		{79557391-831C-4F44-921F-208EA4F32835}.Debug|x86.Build.0 = Debug|Win32
		{79557391-831C-4F44-921F-208EA4F32835}.Release|x64.ActiveCfg = Release|x64
		{79557391-831C-4F44-921F-208EA4F32835}.Release|x64.Build.0 = Release|x64
		{79557391-831C-4F44-921F-208EA4F32835}.Release|x86.ActiveCfg = Release|Win32
		{79557391-831C-4F44-921F-208EA4F32835}.Release|x86.Build.0 = Release|Win32
		{B46F7AC7-0C1F-45AB-8225-6AC5A214F673}.Debug|x64.ActiveCfg = Debug|x64
		{B46F7AC7-0C1F-45AB-8225-6AC5A214F673}.Debug|x64.Build.0 = Debug|x64
		{B46F7AC7-0C1F-45AB-8225-6AC5A214F673}.Debug|x86.ActiveCfg = Debug|Win32
		{B46F7AC7-0C1F-45AB-8225-6AC5A214F673}.Debug|x86.Build.0 = Debug|Win32
		{B46F7AC7-0C1F-45AB-8225-6AC5A214F673}.Release|x64.ActiveCfg = Release|x64
		{B46F7AC7-0C1F-45AB-8225-6AC5A214F673}.Release|x64.Build.0 = Release|x64
		{B46F7AC7-0C1F-45AB-8225-6AC5A214F673}.Release|x86.ActiveCfg = Release|Win32
		{B46F7AC7-0C1F-45AB-8225-6AC5A214F673}.Release|x86.Build.0 = Release|Win32
		{FA85EAE3-906E-4E83-812A-7C5BF57B3D84}.Debug|x64.ActiveCfg = Debug|x64
		{FA85EAE3-906E-4E83-812A-7C5BF57B3D84}.Debug|x64.Build.0 = Debug|x64
		{FA85EAE3-906E-4E83-812A-7C5BF57B3D84}.Debug|x86.ActiveCfg = Debug|Win32
		{FA85EAE3-906E-4E83-812A-7C5BF57B3D84}.Debug|x86.Build.0 = Debug|Win32
		{FA85EAE3-906E-4E83-812A-7C5BF57B3D84}.Release|x64.ActiveCfg = Release|x64
		{FA85EAE3-906E-4E83-812A-7C5BF57B3D84}.Release|x64.Build.0 = Release|x64
		{FA85EAE3-906E-4E83-812A-7C5BF57B3D84}.Release|x86.ActiveCfg = Release|Win32
		{FA85EAE3-906E-4E83-812A-7C5BF57B3D84}.Release|x86.Build.0 = Release|Win32
		{859224F9-0DFC-481A-BC52-93C5533AB495}.Debug|x64.ActiveCfg = Debug|x64
		{859224F9-0DFC-481A-BC52-93C5533AB495}.Debug|x64.Build.0 = Debug|x64
		{859224F9-0DFC-481A-BC52-93C5533AB495}.Debug|x86.ActiveCfg = Debug|Win32
		{859224F9-0DFC-481A-BC52-93C5533AB495}.Debug|x86.Build.0 = Debug|Win32
		{859224F9-0DFC-481A-BC52-93C5533AB495}.Release|x64.ActiveCfg = Release|x64
		{859224F9-0DFC-481A-BC52-93C5533AB495}.Release|x64.Build.0 = Release|x64
		{859224F9-0DFC-481A-BC52-93C5533AB495}.Release|x86.ActiveCfg = Release|Win32
		{859224F9-0DFC-481A-BC52-93C5533AB495}.Release|x86.Build.0 = Release|Win32
		{5255FFDC-A889-4AD4-8E29-0F885166242C}.Debug|x64.ActiveCfg = Debug|x64
		{5255FFDC-A889-4AD4-8E29-0F885166242C}.Debug|x64.Build.0 = Debug|x64
		{5255FFDC-A889-4AD4-8E29-0F885166242C}.Debug|x86.ActiveCfg = Debug|Win32
		{5255FFDC-A889-4AD4-8E29-0F885166242C}.Debug|x86.Build.0 = Debug|Win32
		{5255FFDC-A889-4AD4-8E29-0F885166242C}.Release|x64.ActiveCfg = Release|x64
		{5255FFDC-A889-4AD4-8E29-0F885166242C}.Release|x64.Build.0 = Release|x64
		{5255FFDC-A889-4AD4-8E29-0F885166242C}.Release|x86.ActiveCfg = Release|Win32
		{5255FFDC-A889-4AD4-8E29-0F885166242C}.Release|x86.Build.0 = Release|Win32
		{A01362E4-5B68-43C2-9AEB-FB66CA0210B4}.Debug|x64.ActiveCfg = Debug|x64
		{A01362E4-5B68-43C2-9AEB-FB66CA0210B4}.Debug|x64.Build.0 = Debug|x64
		{A01362E4-5B68-43C2-9AEB-FB66CA0210B4}.Debug|x86.ActiveCfg = Debug|Win32
		{A01362E4-5B68-43C2-9AEB-FB66CA0210B4}.Debug|x86.Build.0 = Debug|Win32
		{A01362E4-5B68-43C2-9AEB-FB66CA0210B4}.Release|x64.ActiveCfg = Release|x64
		{A01362E4-5B68-43C2-9AEB-FB66CA0210B4}.Release|x64.Build.0 = Release|x64
		{A01362E4-5B68-43C2-9AEB-FB66CA0210B4}.Release|x86.ActiveCfg = Release|Win32
		{A01362E4-5B68-43C2-9AEB-FB66CA0210B4}.Release|x86.Build.0 = Release|Win32
		{77A7DB7C-9374-41BE-B225-C805B1A1C37A}.Debug|x64.ActiveCfg = Debug|x64
		{77A7DB7C-9374-41BE-B225-C805B1A1C37A}.Debug|x64.Build.0 = Debug|x64
		{77A7DB7C-9374-41BE-B225-C805B1A1C37A}.Debug|x86.ActiveCfg = Debug|Win32
		{77A7DB7C-9374-41BE-B225-C805B1A1C37A}.Debug|x86.Build.0 = Debug|Win32
		{77A7DB7C-9374-41BE-B225-C805B1A1C37A}.Release|x64.ActiveCfg = Release|x64
		{77A7DB7C-9374-41BE-B225-C805B1A1C37A}.Release|x64.Build.0 = Release|x64
		{77A7DB7C-9374-41BE-B225-C805B1A1C37A}.Release|x86.ActiveCfg = Release|Win32
		{77A7DB7C-9374-41BE-B225-C805B1A1C37A}.Release|x86.Build.0 = Release|Win32
		{9FAED1E3-F458-49B4-A363-32983F108FFD}.Debug|x64.ActiveCfg = Debug|x64
		{9FAED1E3-F458-49B4-A363-32983F108FFD}.Debug|x64.Build.0 = Debug|x64
		{9FAED1E3-F458-49B4-A363-32983F108FFD}.Debug|x86.ActiveCfg = Debug|Win32
		{9FAED1E3-F458-49B4-A363-32983F108FFD}.Debug|x86.Build.0 = Debug|Win32
		{9FAED1E3-F458-49B4-A363-32983F108FFD}.Release|x64.ActiveCfg = Release|x64
		{9FAED1E3-F458-49B4-A363-32983F108FFD}.Release|x64.Build.0 = Release|x64
		{9FAED1E3-F458-49B4-A363-32983F108FFD}.Release|x86.ActiveCfg = Release|Win32
		{9FAED1E3-F458-49B4-A363-32983F108FFD}.Release|x86.Build.0 = Release|Win32
		{D8218AD4-2D93-43CE-A4A6-56C293DC9251}.Debug|x64.ActiveCfg = Debug|x64
		{D8218AD4-2D93-43CE-A4A6-56C293DC9251}.Debug|x64.Build.0 = Debug|x64
		{D8218AD4-2D93-43CE-A4A6-56C293DC9251}.Debug|x86.ActiveCfg = Debug|Win32
		{D8218AD4-2D93-43CE-A4A6-56C293DC9251}.Debug|x86.Build.0 = Debug|Win32
		{D8218AD4-2D93-43CE-A4A6-56C293DC9251}.Release|x64.ActiveCfg = Release|x64
		{D8218AD4-2D93-43CE-A4A6-56C293DC9251}.Release|x64.Build.0 = Release|x64
		{D8218AD4-2D93-43CE-A4A6-56C293DC9251}.Release|x86.ActiveCfg = Release|Win32
		{D8218AD4-2D93-43CE-A4A6-56C293DC9251}.Release|x86.Build.0 = Release|Win32
		{AFBDC26B-8531-4FAF-BEF3-DF48D24CEE60}.Debug|x64.ActiveCfg = Debug|x64
		{AFBDC26B-8531-4FAF-BEF3-DF48D24CEE60}.Debug|x64.Build.0 = Debug|x64
		{AFBDC26B-8531-4FAF-BEF3-DF48D24CEE60}.Debug|x86.ActiveCfg = Debug|Win32
		{AFBDC26B-8531-4FAF-BEF3-DF48D24CEE60}.Debug|x86.Build.0 = Debug|Win32
		{AFBDC26B-8531-4FAF-BEF3-DF48D24CEE60}.Release|x64.ActiveCfg = Release|x64
		{AFBDC26B-8531-4FAF-BEF3-DF48D24CEE60}.Release|x64.Build.0 = Release|x64
		{AFBDC26B-8531-4FAF-BEF3-DF48D24CEE60}.Release|x86.ActiveCfg = Release|Win32
		{AFBDC26B-8531-4FAF-BEF3-DF48D24CEE60}.Release|x86.Build.0 = Release|Win32
		{D1355CB4-0E16-405E-A80E-782D9015D7B9}.Debug|x64.ActiveCfg = Debug|x64
		{D1355CB4-0E16-405E-A80E-782D9015D7B9}.Debug|x64.Build.0 = Debug|x64
		{D1355CB4-0E16-405E-A80E-782D9015D7B9}.Debug|x86.ActiveCfg = Debug|Win32
		{D1355CB4-0E16-405E-A80E-782D9015D7B9}.Debug|x86.Build.0 = Debug|Win32
		{D1355CB4-0E16-405E-A80E-782D9015D7B9}.Release|x64.ActiveCfg = Release|x64
		{D1355CB4-0E16-405E-A80E-782D9015D7B9}.Release|x64.Build.0 = Release|x64
		{D1355CB4-0E16-405E-A80E-782D9015D7B9}.Release|x86.ActiveCfg = Release|Win32
		{D1355CB4-0E16-405E-A80E-782D9015D7B9}.Release|x86.Build.0 = Release|Win32
		{09376C84-0702-4521-9FF6-B3A298A43213}.Debug|x64.ActiveCfg = Debug|x64
		{09376C84-0702-4521-9FF6-B3A298A43213}.Debug|x64.Build.0 = Debug|x64
		{09376C84-0702-4521-9FF6-B3A298A43213}.Debug|x86.ActiveCfg = Debug|Win32
		{09376C84-0702-4521-9FF6-B3A298A43213}.Debug|x86.Build.0 = Debug|Win32
		{09376C84-0702-4521-9FF6-B3A298A43213}.Release|x64.ActiveCfg = Release|x64
		{09376C84-0702-4521-9FF6-B3A298A43213}.Release|x64.Build.0 = Release|x64
		{09376C84-0702-4521-9FF6-B3A298A43213}.Release|x86.ActiveCfg = Release|Win32
		{09376C84-0702-4521-9FF6-B3A298A43213}.Release|x86.Build.0 = Release|Win32
		{46F6EC33-8978-40B8-BB67-0E77B382D1CA}.Debug|x64.ActiveCfg = Debug|x64
		{46F6EC33-8978-40B8-BB67-0E77B382D1CA}.Debug|x64.Build.0 = Debug|x64
		{46F6EC33-8978-40B8-BB67-0E77B382D1CA}.Debug|x86.ActiveCfg = Debug|Win32
		{46F6EC33-8978-40B8-BB67-0E77B382D1CA}.Debug|x86.Build.0 = Debug|Win32
		{46F6EC33-8978-40B8-BB67-0E77B382D1CA}.Release|x64.ActiveCfg = Release|x64
		{46F6EC33-8978-40B8-BB67-0E77B382D1CA}.Release|x64.Build.0 = Release|x64
		{46F6EC33-8978-40B8-BB67-0E77B382D1CA}.Release|x86.ActiveCfg = Release|Win32
		{46F6EC33-8978-40B8-BB67-0E77B382D1CA}.Release|x86.Build.0 = Release|Win32
		{8A221D58-C264-4FAD-B784-52550379EFC6}.Debug|x64.ActiveCfg = Debug|x64
		{8A221D58-C264-4FAD-B784-52550379EFC6}.Debug|x64.Build.0 = Debug|x64
		{8A221D58-C264-4FAD-B784-52550379EFC6}.Debug|x86.ActiveCfg = Debug|Win32
		{8A221D58-C264-4FAD-B784-52550379EFC6}.Debug|x86.Build.0 = Debug|Win32
		{8A221D58-C264-4FAD-B784-52550379EFC6}.Release|x64.ActiveCfg = Release|x64
		{8A221D58-C264-4FAD-B784-52550379EFC6}.Release|x64.Build.0 = Release|x64
		{8A221D58-C264-4FAD-B784-52550379EFC6}.Release|x86.ActiveCfg = Release|Win32
		{8A221D58-C264-4FAD-B784-52550379EFC6}.Release|x86.Build.0 = Release|Win32
		{A88054B3-18DA-448D-9A90-908024B08423}.Debug|x64.ActiveCfg = Debug|x64
		{A88054B3-18DA-448D-9A90-908024B08423}.Debug|x64.Build.0 = Debug|x64
		{A88054B3-18DA-448D-9A90-908024B08423}.Debug|x86.ActiveCfg = Debug|Win32
		{A88054B3-18DA-448D-9A90-908024B08423}.Debug|x86.Build.0 = Debug|Win32
		{A88054B3-18DA-448D-9A90-908024B08423}.Release|x64.ActiveCfg = Release|x64
		{A88054B3-18DA-448D-9A90-908024B08423}.Release|x64.Build.0 = Release|x64
		{A88054B3-18DA-448D-9A90-908024B08423}.Release|x86.ActiveCfg = Release|Win32
		{A88054B3-18DA-448D-9A90-908024B08423}.Release|x86.Build.0 = Release|Win32
		{D6903C05-C2BF-4F6C-9F32-85C5407EED58}.Debug|x64.ActiveCfg = Debug|x64
		{D6903C05-C2BF-4F6C-9F32-85C5407EED58}.Debug|x64.Build.0 = Debug|x64
		{D6903C05-C2BF-4F6C-9F32-85C5407EED58}.Debug|x86.ActiveCfg = Debug|Win32
		{D6903C05-C2BF-4F6C-9F32-85C5407EED58}.Debug|x86.Build.0 = Debug|Win32
		{D6903C05-C2BF-4F6C-9F32-85C5407EED58}.Release|x64.ActiveCfg = Release|x64
		{D6903C05-C2BF-4F6C-9F32-85C5407EED58}.Release|x64.Build.0 = Release|x64
		{D6903C05-C2BF-4F6C-9F32-85C5407EED58}.Release|x86.ActiveCfg = Release|Win32
		{D6903C05-C2BF-4F6C-9F32-85C5407EED58}.Release|x86.Build.0 = Release|Win32
		{541B1E27-525E-41DA-BD43-6C976286EC77}.Debug|x64.ActiveCfg = Debug|x64
		{541B1E27-525E-41DA-BD43-6C976286EC77}.Debug|x64.Build.0 = Debug|x64
		{541B1E27-525E-41DA-BD43-6C976286EC77}.Debug|x86.ActiveCfg = Debug|Win32
		{541B1E27-525E-41DA-BD43-6C976286EC77}.Debug|x86.Build.0 = Debug|Win32
		{541B1E27-525E-41DA-BD43-6C976286EC77}.Release|x64.ActiveCfg = Release|x64
		{541B1E27-525E-41DA-BD43-6C976286EC77}.Release|x64.Build.0 = Release|x64
		{541B1E27-525E-41DA-BD43-6C976286EC77}.Release|x86.ActiveCfg = Release|Win32
		{541B1E27-525E-41DA-BD43-6C976286EC77}.Release|x86.Build.0 = Release|Win32
		{86A9D424-596C-403C-BBC7-DD4D0E72EC49}.Debug|x64.ActiveCfg = Debug|x64
		{86A9D424-596C-403C-BBC7-DD4D0E72EC49}.Debug|x64.Build.0 = Debug|x64
		{86A9D424-596C-403C-BBC7-DD4D0E72EC49}.Debug|x86.ActiveCfg = Debug|Win32
		{86A9D424-596C-403C-BBC7-DD4D0E72EC49}.Debug|x86.Build.0 = Debug|Win32
		{86A9D424-596C-403C-BBC7-DD4D0E72EC49}.Release|x64.ActiveCfg = Release|x64
		{86A9D424-596C-403C-BBC7-DD4D0E72EC49}.Release|x64.Build.0 = Release|x64
		{86A9D424-596C-403C-BBC7-DD4D0E72EC49}.Release|x86.ActiveCfg = Release|Win32
		{86A9D424-596C-403C-BBC7-DD4D0E72EC49}.Release|x86.Build.0 = Release|Win32
		{DD273A1C-1482-47F3-8669-84A7EF515983}.Debug|x64.ActiveCfg = Debug|x64
		{DD273A1C-1482-47F3-8669-84A7EF515983}.Debug|x64.Build.0 = Debug|x64
		{DD273A1C-1482-47F3-8669-84A7EF515983}.Debug|x86.ActiveCfg = Debug|Win32
		{DD273A1C-1482-47F3-8669-84A7EF515983}.Debug|x86.Build.0 = Debug|Win32
		{DD273A1C-1482-47F3-8669-84A7EF515983}.Release|x64.ActiveCfg = Release|x64
		{DD273A1C-1482-47F3-8669-84A7EF515983}.Release|x64.Build.0 = Release|x64
		{DD273A1C-1482-47F3-8669-84A7EF515983}.Release|x86.ActiveCfg = Release|Win32
		{DD273A1C-1482-47F3-8669-84A7EF515983}.Release|x86.Build.0 = Release|Win32
	EndGlobalSection
	GlobalSection(SolutionProperties) = preSolution
		HideSolutionNode = FALSE
	EndGlobalSection
	GlobalSection(ExtensibilityGlobals) = postSolution
		SolutionGuid = {F11C3F88-0F8E-4A04-95CF-CEAC48D9917F}
	EndGlobalSection
EndGlobal
